
Microsoft Visual Studio Solution File, Format Version 12.00
# Visual Studio Version 17
VisualStudioVersion = 17.3.32929.385
MinimumVisualStudioVersion = 10.0.40219.1
Project("{FAE04EC0-301F-11D3-BF4B-00C04F79EFBC}") = "Calculator", "Calculator\Calculator.csproj", "{740ED9D9-CAB7-46FE-83F5-31AA2935B58F}"
EndProject
Global
	GlobalSection(SolutionConfigurationPlatforms) = preSolution
		Debug|Any CPU = Debug|Any CPU
		Release|Any CPU = Release|Any CPU
	EndGlobalSection
	GlobalSection(ProjectConfigurationPlatforms) = postSolution
		{740ED9D9-CAB7-46FE-83F5-31AA2935B58F}.Debug|Any CPU.ActiveCfg = Debug|Any CPU
		{740ED9D9-CAB7-46FE-83F5-31AA2935B58F}.Debug|Any CPU.Build.0 = Debug|Any CPU
		{740ED9D9-CAB7-46FE-83F5-31AA2935B58F}.Release|Any CPU.ActiveCfg = Release|Any CPU
		{740ED9D9-CAB7-46FE-83F5-31AA2935B58F}.Release|Any CPU.Build.0 = Release|Any CPU
	EndGlobalSection
	GlobalSection(SolutionProperties) = preSolution
		HideSolutionNode = FALSE
	EndGlobalSection
	GlobalSection(ExtensibilityGlobals) = postSolution
		SolutionGuid = {6B6138FC-0CCA-4B23-95F7-5C8C6AA5AEEE}
	EndGlobalSection
EndGlobal
